
Microsoft Visual Studio Solution File, Format Version 12.00
# Visual Studio Version 17
VisualStudioVersion = 17.6.33723.286
MinimumVisualStudioVersion = 10.0.40219.1
Project("{FAE04EC0-301F-11D3-BF4B-00C04F79EFBC}") = "ApiReceitas", "ApiReceitas.csproj", "{3AC7A9FD-535A-449B-8204-F38FBC81CA65}"
EndProject
Global
	GlobalSection(SolutionConfigurationPlatforms) = preSolution
		Debug|Any CPU = Debug|Any CPU
		Release|Any CPU = Release|Any CPU
	EndGlobalSection
	GlobalSection(ProjectConfigurationPlatforms) = postSolution
		{3AC7A9FD-535A-449B-8204-F38FBC81CA65}.Debug|Any CPU.ActiveCfg = Debug|Any CPU
		{3AC7A9FD-535A-449B-8204-F38FBC81CA65}.Debug|Any CPU.Build.0 = Debug|Any CPU
		{3AC7A9FD-535A-449B-8204-F38FBC81CA65}.Release|Any CPU.ActiveCfg = Release|Any CPU
		{3AC7A9FD-535A-449B-8204-F38FBC81CA65}.Release|Any CPU.Build.0 = Release|Any CPU
	EndGlobalSection
	GlobalSection(SolutionProperties) = preSolution
		HideSolutionNode = FALSE
	EndGlobalSection
	GlobalSection(ExtensibilityGlobals) = postSolution
		SolutionGuid = {A528CFFD-E4E7-4379-908E-97F2B2007644}
	EndGlobalSection
EndGlobal
